
Microsoft Visual Studio Solution File, Format Version 12.00
# Visual Studio 15
VisualStudioVersion = 15.0.28307.539
MinimumVisualStudioVersion = 10.0.40219.1
Project("{FAE04EC0-301F-11D3-BF4B-00C04F79EFBC}") = "IntroductionToSerialization", "IntroductionToSerialization\IntroductionToSerialization.csproj", "{FD3BD897-37F1-45AF-ACC3-64D2999AF78D}"
EndProject
Global
	GlobalSection(SolutionConfigurationPlatforms) = preSolution
		Debug|Any CPU = Debug|Any CPU
		Release|Any CPU = Release|Any CPU
	EndGlobalSection
	GlobalSection(ProjectConfigurationPlatforms) = postSolution
		{FD3BD897-37F1-45AF-ACC3-64D2999AF78D}.Debug|Any CPU.ActiveCfg = Debug|Any CPU
		{FD3BD897-37F1-45AF-ACC3-64D2999AF78D}.Debug|Any CPU.Build.0 = Debug|Any CPU
		{FD3BD897-37F1-45AF-ACC3-64D2999AF78D}.Release|Any CPU.ActiveCfg = Release|Any CPU
		{FD3BD897-37F1-45AF-ACC3-64D2999AF78D}.Release|Any CPU.Build.0 = Release|Any CPU
	EndGlobalSection
	GlobalSection(SolutionProperties) = preSolution
		HideSolutionNode = FALSE
	EndGlobalSection
	GlobalSection(ExtensibilityGlobals) = postSolution
		SolutionGuid = {CA571E2A-E842-4BAC-957F-5C226F391DD7}
	EndGlobalSection
EndGlobal
